
Microsoft Visual Studio Solution File, Format Version 12.00
# Visual Studio 14
VisualStudioVersion = 14.0.23107.0
MinimumVisualStudioVersion = 10.0.40219.1
Project("{2150E333-8FDC-42A3-9474-1A3956D46DE8}") = ".paket", ".paket", "{34A385A0-FD04-43DC-A12C-D18429F4A033}"
	ProjectSection(SolutionItems) = preProject
		.paket\paket.bootstrapper.exe = .paket\paket.bootstrapper.exe
		paket.dependencies = paket.dependencies
		.paket\paket.exe = .paket\paket.exe
		paket.lock = paket.lock
		.paket\paket.targets = .paket\paket.targets
		Readme.md = Readme.md
	EndProjectSection
EndProject
Project("{FAE04EC0-301F-11D3-BF4B-00C04F79EFBC}") = "PaketBox", "PaketBox\PaketBox.csproj", "{EBECCD5E-56DE-430B-BC04-F2818CC06F42}"
EndProject
Project("{FAE04EC0-301F-11D3-BF4B-00C04F79EFBC}") = "PaketBox.Wpf", "PaketBox.Wpf\PaketBox.Wpf.csproj", "{54DC02D7-2589-4043-BD8F-BDCFFCD74C8E}"
EndProject
Global
	GlobalSection(SolutionConfigurationPlatforms) = preSolution
		CreatePackages|Any CPU = CreatePackages|Any CPU
		Debug|Any CPU = Debug|Any CPU
		Release|Any CPU = Release|Any CPU
	EndGlobalSection
	GlobalSection(ProjectConfigurationPlatforms) = postSolution
		{EBECCD5E-56DE-430B-BC04-F2818CC06F42}.CreatePackages|Any CPU.ActiveCfg = CreatePackages|Any CPU
		{EBECCD5E-56DE-430B-BC04-F2818CC06F42}.CreatePackages|Any CPU.Build.0 = CreatePackages|Any CPU
		{EBECCD5E-56DE-430B-BC04-F2818CC06F42}.Debug|Any CPU.ActiveCfg = Debug|Any CPU
		{EBECCD5E-56DE-430B-BC04-F2818CC06F42}.Debug|Any CPU.Build.0 = Debug|Any CPU
		{EBECCD5E-56DE-430B-BC04-F2818CC06F42}.Release|Any CPU.ActiveCfg = Release|Any CPU
		{EBECCD5E-56DE-430B-BC04-F2818CC06F42}.Release|Any CPU.Build.0 = Release|Any CPU
		{54DC02D7-2589-4043-BD8F-BDCFFCD74C8E}.CreatePackages|Any CPU.ActiveCfg = CreatePackages|Any CPU
		{54DC02D7-2589-4043-BD8F-BDCFFCD74C8E}.CreatePackages|Any CPU.Build.0 = CreatePackages|Any CPU
		{54DC02D7-2589-4043-BD8F-BDCFFCD74C8E}.Debug|Any CPU.ActiveCfg = Debug|Any CPU
		{54DC02D7-2589-4043-BD8F-BDCFFCD74C8E}.Debug|Any CPU.Build.0 = Debug|Any CPU
		{54DC02D7-2589-4043-BD8F-BDCFFCD74C8E}.Release|Any CPU.ActiveCfg = Release|Any CPU
		{54DC02D7-2589-4043-BD8F-BDCFFCD74C8E}.Release|Any CPU.Build.0 = Release|Any CPU
	EndGlobalSection
	GlobalSection(SolutionProperties) = preSolution
		HideSolutionNode = FALSE
	EndGlobalSection
EndGlobal
